// !$*UTF8*$!
{
	archiveVersion = 1;
	classes = {
	};
	objectVersion = 50;
	objects = {

/* Begin PBXBuildFile section */
		9A37F9242080E31A008BFF01 /* AppDelegate.swift in Sources */ = {isa = PBXBuildFile; fileRef = 9A37F9232080E31A008BFF01 /* AppDelegate.swift */; };
		9A37F9262080E31B008BFF01 /* ViewController.swift in Sources */ = {isa = PBXBuildFile; fileRef = 9A37F9252080E31A008BFF01 /* ViewController.swift */; };
		9A37F9292080E31B008BFF01 /* Main.storyboard in Resources */ = {isa = PBXBuildFile; fileRef = 9A37F9272080E31B008BFF01 /* Main.storyboard */; };
		9A37F92C2080E31B008BFF01 /* MapToGo.xcdatamodeld in Sources */ = {isa = PBXBuildFile; fileRef = 9A37F92A2080E31B008BFF01 /* MapToGo.xcdatamodeld */; };
		9A37F92E2080E31C008BFF01 /* Assets.xcassets in Resources */ = {isa = PBXBuildFile; fileRef = 9A37F92D2080E31C008BFF01 /* Assets.xcassets */; };
		9A37F9312080E31C008BFF01 /* LaunchScreen.storyboard in Resources */ = {isa = PBXBuildFile; fileRef = 9A37F92F2080E31C008BFF01 /* LaunchScreen.storyboard */; };
		9A37F93C2080E31C008BFF01 /* MapToGoTests.swift in Sources */ = {isa = PBXBuildFile; fileRef = 9A37F93B2080E31C008BFF01 /* MapToGoTests.swift */; };
		9A37F9472080E31C008BFF01 /* MapToGoUITests.swift in Sources */ = {isa = PBXBuildFile; fileRef = 9A37F9462080E31C008BFF01 /* MapToGoUITests.swift */; };
/* End PBXBuildFile section */

/* Begin PBXContainerItemProxy section */
		9A37F9382080E31C008BFF01 /* PBXContainerItemProxy */ = {
			isa = PBXContainerItemProxy;
			containerPortal = 9A37F9182080E31A008BFF01 /* Project object */;
			proxyType = 1;
			remoteGlobalIDString = 9A37F91F2080E31A008BFF01;
			remoteInfo = MapToGo;
		};
		9A37F9432080E31C008BFF01 /* PBXContainerItemProxy */ = {
			isa = PBXContainerItemProxy;
			containerPortal = 9A37F9182080E31A008BFF01 /* Project object */;
			proxyType = 1;
			remoteGlobalIDString = 9A37F91F2080E31A008BFF01;
			remoteInfo = MapToGo;
		};
/* End PBXContainerItemProxy section */

/* Begin PBXFileReference section */
		9A37F9202080E31A008BFF01 /* MapToGo.app */ = {isa = PBXFileReference; explicitFileType = wrapper.application; includeInIndex = 0; path = MapToGo.app; sourceTree = BUILT_PRODUCTS_DIR; };
		9A37F9232080E31A008BFF01 /* AppDelegate.swift */ = {isa = PBXFileReference; lastKnownFileType = sourcecode.swift; path = AppDelegate.swift; sourceTree = "<group>"; };
		9A37F9252080E31A008BFF01 /* ViewController.swift */ = {isa = PBXFileReference; lastKnownFileType = sourcecode.swift; path = ViewController.swift; sourceTree = "<group>"; };
		9A37F9282080E31B008BFF01 /* Base */ = {isa = PBXFileReference; lastKnownFileType = file.storyboard; name = Base; path = Base.lproj/Main.storyboard; sourceTree = "<group>"; };
		9A37F92B2080E31B008BFF01 /* MapToGo.xcdatamodel */ = {isa = PBXFileReference; lastKnownFileType = wrapper.xcdatamodel; path = MapToGo.xcdatamodel; sourceTree = "<group>"; };
		9A37F92D2080E31C008BFF01 /* Assets.xcassets */ = {isa = PBXFileReference; lastKnownFileType = folder.assetcatalog; path = Assets.xcassets; sourceTree = "<group>"; };
		9A37F9302080E31C008BFF01 /* Base */ = {isa = PBXFileReference; lastKnownFileType = file.storyboard; name = Base; path = Base.lproj/LaunchScreen.storyboard; sourceTree = "<group>"; };
		9A37F9322080E31C008BFF01 /* Info.plist */ = {isa = PBXFileReference; lastKnownFileType = text.plist.xml; path = Info.plist; sourceTree = "<group>"; };
		9A37F9372080E31C008BFF01 /* MapToGoTests.xctest */ = {isa = PBXFileReference; explicitFileType = wrapper.cfbundle; includeInIndex = 0; path = MapToGoTests.xctest; sourceTree = BUILT_PRODUCTS_DIR; };
		9A37F93B2080E31C008BFF01 /* MapToGoTests.swift */ = {isa = PBXFileReference; lastKnownFileType = sourcecode.swift; path = MapToGoTests.swift; sourceTree = "<group>"; };
		9A37F93D2080E31C008BFF01 /* Info.plist */ = {isa = PBXFileReference; lastKnownFileType = text.plist.xml; path = Info.plist; sourceTree = "<group>"; };
		9A37F9422080E31C008BFF01 /* MapToGoUITests.xctest */ = {isa = PBXFileReference; explicitFileType = wrapper.cfbundle; includeInIndex = 0; path = MapToGoUITests.xctest; sourceTree = BUILT_PRODUCTS_DIR; };
		9A37F9462080E31C008BFF01 /* MapToGoUITests.swift */ = {isa = PBXFileReference; lastKnownFileType = sourcecode.swift; path = MapToGoUITests.swift; sourceTree = "<group>"; };
		9A37F9482080E31C008BFF01 /* Info.plist */ = {isa = PBXFileReference; lastKnownFileType = text.plist.xml; path = Info.plist; sourceTree = "<group>"; };
/* End PBXFileReference section */

/* Begin PBXFrameworksBuildPhase section */
		9A37F91D2080E31A008BFF01 /* Frameworks */ = {
			isa = PBXFrameworksBuildPhase;
			buildActionMask = 2147483647;
			files = (
			);
			runOnlyForDeploymentPostprocessing = 0;
		};
		9A37F9342080E31C008BFF01 /* Frameworks */ = {
			isa = PBXFrameworksBuildPhase;
			buildActionMask = 2147483647;
			files = (
			);
			runOnlyForDeploymentPostprocessing = 0;
		};
		9A37F93F2080E31C008BFF01 /* Frameworks */ = {
			isa = PBXFrameworksBuildPhase;
			buildActionMask = 2147483647;
			files = (
			);
			runOnlyForDeploymentPostprocessing = 0;
		};
/* End PBXFrameworksBuildPhase section */

/* Begin PBXGroup section */
		9A37F9172080E31A008BFF01 = {
			isa = PBXGroup;
			children = (
				9A37F9222080E31A008BFF01 /* MapToGo */,
				9A37F93A2080E31C008BFF01 /* MapToGoTests */,
				9A37F9452080E31C008BFF01 /* MapToGoUITests */,
				9A37F9212080E31A008BFF01 /* Products */,
			);
			sourceTree = "<group>";
		};
		9A37F9212080E31A008BFF01 /* Products */ = {
			isa = PBXGroup;
			children = (
				9A37F9202080E31A008BFF01 /* MapToGo.app */,
				9A37F9372080E31C008BFF01 /* MapToGoTests.xctest */,
				9A37F9422080E31C008BFF01 /* MapToGoUITests.xctest */,
			);
			name = Products;
			sourceTree = "<group>";
		};
		9A37F9222080E31A008BFF01 /* MapToGo */ = {
			isa = PBXGroup;
			children = (
				9A37F9232080E31A008BFF01 /* AppDelegate.swift */,
				9A37F9252080E31A008BFF01 /* ViewController.swift */,
				9A37F9272080E31B008BFF01 /* Main.storyboard */,
				9A37F92D2080E31C008BFF01 /* Assets.xcassets */,
				9A37F92F2080E31C008BFF01 /* LaunchScreen.storyboard */,
				9A37F9322080E31C008BFF01 /* Info.plist */,
				9A37F92A2080E31B008BFF01 /* MapToGo.xcdatamodeld */,
			);
			path = MapToGo;
			sourceTree = "<group>";
		};
		9A37F93A2080E31C008BFF01 /* MapToGoTests */ = {
			isa = PBXGroup;
			children = (
				9A37F93B2080E31C008BFF01 /* MapToGoTests.swift */,
				9A37F93D2080E31C008BFF01 /* Info.plist */,
			);
			path = MapToGoTests;
			sourceTree = "<group>";
		};
		9A37F9452080E31C008BFF01 /* MapToGoUITests */ = {
			isa = PBXGroup;
			children = (
				9A37F9462080E31C008BFF01 /* MapToGoUITests.swift */,
				9A37F9482080E31C008BFF01 /* Info.plist */,
			);
			path = MapToGoUITests;
			sourceTree = "<group>";
		};
/* End PBXGroup section */

/* Begin PBXNativeTarget section */
		9A37F91F2080E31A008BFF01 /* MapToGo */ = {
			isa = PBXNativeTarget;
			buildConfigurationList = 9A37F94B2080E31C008BFF01 /* Build configuration list for PBXNativeTarget "MapToGo" */;
			buildPhases = (
				9A37F91C2080E31A008BFF01 /* Sources */,
				9A37F91D2080E31A008BFF01 /* Frameworks */,
				9A37F91E2080E31A008BFF01 /* Resources */,
			);
			buildRules = (
			);
			dependencies = (
			);
			name = MapToGo;
			productName = MapToGo;
			productReference = 9A37F9202080E31A008BFF01 /* MapToGo.app */;
			productType = "com.apple.product-type.application";
		};
		9A37F9362080E31C008BFF01 /* MapToGoTests */ = {
			isa = PBXNativeTarget;
			buildConfigurationList = 9A37F94E2080E31C008BFF01 /* Build configuration list for PBXNativeTarget "MapToGoTests" */;
			buildPhases = (
				9A37F9332080E31C008BFF01 /* Sources */,
				9A37F9342080E31C008BFF01 /* Frameworks */,
				9A37F9352080E31C008BFF01 /* Resources */,
			);
			buildRules = (
			);
			dependencies = (
				9A37F9392080E31C008BFF01 /* PBXTargetDependency */,
			);
			name = MapToGoTests;
			productName = MapToGoTests;
			productReference = 9A37F9372080E31C008BFF01 /* MapToGoTests.xctest */;
			productType = "com.apple.product-type.bundle.unit-test";
		};
		9A37F9412080E31C008BFF01 /* MapToGoUITests */ = {
			isa = PBXNativeTarget;
			buildConfigurationList = 9A37F9512080E31C008BFF01 /* Build configuration list for PBXNativeTarget "MapToGoUITests" */;
			buildPhases = (
				9A37F93E2080E31C008BFF01 /* Sources */,
				9A37F93F2080E31C008BFF01 /* Frameworks */,
				9A37F9402080E31C008BFF01 /* Resources */,
			);
			buildRules = (
			);
			dependencies = (
				9A37F9442080E31C008BFF01 /* PBXTargetDependency */,
			);
			name = MapToGoUITests;
			productName = MapToGoUITests;
			productReference = 9A37F9422080E31C008BFF01 /* MapToGoUITests.xctest */;
			productType = "com.apple.product-type.bundle.ui-testing";
		};
/* End PBXNativeTarget section */

/* Begin PBXProject section */
		9A37F9182080E31A008BFF01 /* Project object */ = {
			isa = PBXProject;
			attributes = {
				LastSwiftUpdateCheck = 0930;
				LastUpgradeCheck = 0930;
				ORGANIZATIONNAME = "Denys Zhukov";
				TargetAttributes = {
					9A37F91F2080E31A008BFF01 = {
						CreatedOnToolsVersion = 9.3;
					};
					9A37F9362080E31C008BFF01 = {
						CreatedOnToolsVersion = 9.3;
						TestTargetID = 9A37F91F2080E31A008BFF01;
					};
					9A37F9412080E31C008BFF01 = {
						CreatedOnToolsVersion = 9.3;
						TestTargetID = 9A37F91F2080E31A008BFF01;
					};
				};
			};
			buildConfigurationList = 9A37F91B2080E31A008BFF01 /* Build configuration list for PBXProject "MapToGo" */;
			compatibilityVersion = "Xcode 9.3";
			developmentRegion = en;
			hasScannedForEncodings = 0;
			knownRegions = (
				en,
				Base,
			);
			mainGroup = 9A37F9172080E31A008BFF01;
			productRefGroup = 9A37F9212080E31A008BFF01 /* Products */;
			projectDirPath = "";
			projectRoot = "";
			targets = (
				9A37F91F2080E31A008BFF01 /* MapToGo */,
				9A37F9362080E31C008BFF01 /* MapToGoTests */,
				9A37F9412080E31C008BFF01 /* MapToGoUITests */,
			);
		};
/* End PBXProject section */

/* Begin PBXResourcesBuildPhase section */
		9A37F91E2080E31A008BFF01 /* Resources */ = {
			isa = PBXResourcesBuildPhase;
			buildActionMask = 2147483647;
			files = (
				9A37F9312080E31C008BFF01 /* LaunchScreen.storyboard in Resources */,
				9A37F92E2080E31C008BFF01 /* Assets.xcassets in Resources */,
				9A37F9292080E31B008BFF01 /* Main.storyboard in Resources */,
			);
			runOnlyForDeploymentPostprocessing = 0;
		};
		9A37F9352080E31C008BFF01 /* Resources */ = {
			isa = PBXResourcesBuildPhase;
			buildActionMask = 2147483647;
			files = (
			);
			runOnlyForDeploymentPostprocessing = 0;
		};
		9A37F9402080E31C008BFF01 /* Resources */ = {
			isa = PBXResourcesBuildPhase;
			buildActionMask = 2147483647;
			files = (
			);
			runOnlyForDeploymentPostprocessing = 0;
		};
/* End PBXResourcesBuildPhase section */

/* Begin PBXSourcesBuildPhase section */
		9A37F91C2080E31A008BFF01 /* Sources */ = {
			isa = PBXSourcesBuildPhase;
			buildActionMask = 2147483647;
			files = (
				9A37F92C2080E31B008BFF01 /* MapToGo.xcdatamodeld in Sources */,
				9A37F9262080E31B008BFF01 /* ViewController.swift in Sources */,
				9A37F9242080E31A008BFF01 /* AppDelegate.swift in Sources */,
			);
			runOnlyForDeploymentPostprocessing = 0;
		};
		9A37F9332080E31C008BFF01 /* Sources */ = {
			isa = PBXSourcesBuildPhase;
			buildActionMask = 2147483647;
			files = (
				9A37F93C2080E31C008BFF01 /* MapToGoTests.swift in Sources */,
			);
			runOnlyForDeploymentPostprocessing = 0;
		};
		9A37F93E2080E31C008BFF01 /* Sources */ = {
			isa = PBXSourcesBuildPhase;
			buildActionMask = 2147483647;
			files = (
				9A37F9472080E31C008BFF01 /* MapToGoUITests.swift in Sources */,
			);
			runOnlyForDeploymentPostprocessing = 0;
		};
/* End PBXSourcesBuildPhase section */

/* Begin PBXTargetDependency section */
		9A37F9392080E31C008BFF01 /* PBXTargetDependency */ = {
			isa = PBXTargetDependency;
			target = 9A37F91F2080E31A008BFF01 /* MapToGo */;
			targetProxy = 9A37F9382080E31C008BFF01 /* PBXContainerItemProxy */;
		};
		9A37F9442080E31C008BFF01 /* PBXTargetDependency */ = {
			isa = PBXTargetDependency;
			target = 9A37F91F2080E31A008BFF01 /* MapToGo */;
			targetProxy = 9A37F9432080E31C008BFF01 /* PBXContainerItemProxy */;
		};
/* End PBXTargetDependency section */

/* Begin PBXVariantGroup section */
		9A37F9272080E31B008BFF01 /* Main.storyboard */ = {
			isa = PBXVariantGroup;
			children = (
				9A37F9282080E31B008BFF01 /* Base */,
			);
			name = Main.storyboard;
			sourceTree = "<group>";
		};
		9A37F92F2080E31C008BFF01 /* LaunchScreen.storyboard */ = {
			isa = PBXVariantGroup;
			children = (
				9A37F9302080E31C008BFF01 /* Base */,
			);
			name = LaunchScreen.storyboard;
			sourceTree = "<group>";
		};
/* End PBXVariantGroup section */

/* Begin XCBuildConfiguration section */
		9A37F9492080E31C008BFF01 /* Debug */ = {
			isa = XCBuildConfiguration;
			buildSettings = {
				ALWAYS_SEARCH_USER_PATHS = NO;
				CLANG_ANALYZER_NONNULL = YES;
				CLANG_ANALYZER_NUMBER_OBJECT_CONVERSION = YES_AGGRESSIVE;
				CLANG_CXX_LANGUAGE_STANDARD = "gnu++14";
				CLANG_CXX_LIBRARY = "libc++";
				CLANG_ENABLE_MODULES = YES;
				CLANG_ENABLE_OBJC_ARC = YES;
				CLANG_ENABLE_OBJC_WEAK = YES;
				CLANG_WARN_BLOCK_CAPTURE_AUTORELEASING = YES;
				CLANG_WARN_BOOL_CONVERSION = YES;
				CLANG_WARN_COMMA = YES;
				CLANG_WARN_CONSTANT_CONVERSION = YES;
				CLANG_WARN_DEPRECATED_OBJC_IMPLEMENTATIONS = YES;
				CLANG_WARN_DIRECT_OBJC_ISA_USAGE = YES_ERROR;
				CLANG_WARN_DOCUMENTATION_COMMENTS = YES;
				CLANG_WARN_EMPTY_BODY = YES;
				CLANG_WARN_ENUM_CONVERSION = YES;
				CLANG_WARN_INFINITE_RECURSION = YES;
				CLANG_WARN_INT_CONVERSION = YES;
				CLANG_WARN_NON_LITERAL_NULL_CONVERSION = YES;
				CLANG_WARN_OBJC_IMPLICIT_RETAIN_SELF = YES;
				CLANG_WARN_OBJC_LITERAL_CONVERSION = YES;
				CLANG_WARN_OBJC_ROOT_CLASS = YES_ERROR;
				CLANG_WARN_RANGE_LOOP_ANALYSIS = YES;
				CLANG_WARN_STRICT_PROTOTYPES = YES;
				CLANG_WARN_SUSPICIOUS_MOVE = YES;
				CLANG_WARN_UNGUARDED_AVAILABILITY = YES_AGGRESSIVE;
				CLANG_WARN_UNREACHABLE_CODE = YES;
				CLANG_WARN__DUPLICATE_METHOD_MATCH = YES;
				CODE_SIGN_IDENTITY = "iPhone Developer";
				COPY_PHASE_STRIP = NO;
				DEBUG_INFORMATION_FORMAT = dwarf;
				ENABLE_STRICT_OBJC_MSGSEND = YES;
				ENABLE_TESTABILITY = YES;
				GCC_C_LANGUAGE_STANDARD = gnu11;
				GCC_DYNAMIC_NO_PIC = NO;
				GCC_NO_COMMON_BLOCKS = YES;
				GCC_OPTIMIZATION_LEVEL = 0;
				GCC_PREPROCESSOR_DEFINITIONS = (
					"DEBUG=1",
					"$(inherited)",
				);
				GCC_WARN_64_TO_32_BIT_CONVERSION = YES;
				GCC_WARN_ABOUT_RETURN_TYPE = YES_ERROR;
				GCC_WARN_UNDECLARED_SELECTOR = YES;
				GCC_WARN_UNINITIALIZED_AUTOS = YES_AGGRESSIVE;
				GCC_WARN_UNUSED_FUNCTION = YES;
				GCC_WARN_UNUSED_VARIABLE = YES;
				IPHONEOS_DEPLOYMENT_TARGET = 11.3;
				MTL_ENABLE_DEBUG_INFO = YES;
				ONLY_ACTIVE_ARCH = YES;
				SDKROOT = iphoneos;
				SWIFT_ACTIVE_COMPILATION_CONDITIONS = DEBUG;
				SWIFT_OPTIMIZATION_LEVEL = "-Onone";
			};
			name = Debug;
		};
		9A37F94A2080E31C008BFF01 /* Release */ = {
			isa = XCBuildConfiguration;
			buildSettings = {
				ALWAYS_SEARCH_USER_PATHS = NO;
				CLANG_ANALYZER_NONNULL = YES;
				CLANG_ANALYZER_NUMBER_OBJECT_CONVERSION = YES_AGGRESSIVE;
				CLANG_CXX_LANGUAGE_STANDARD = "gnu++14";
				CLANG_CXX_LIBRARY = "libc++";
				CLANG_ENABLE_MODULES = YES;
				CLANG_ENABLE_OBJC_ARC = YES;
				CLANG_ENABLE_OBJC_WEAK = YES;
				CLANG_WARN_BLOCK_CAPTURE_AUTORELEASING = YES;
				CLANG_WARN_BOOL_CONVERSION = YES;
				CLANG_WARN_COMMA = YES;
				CLANG_WARN_CONSTANT_CONVERSION = YES;
				CLANG_WARN_DEPRECATED_OBJC_IMPLEMENTATIONS = YES;
				CLANG_WARN_DIRECT_OBJC_ISA_USAGE = YES_ERROR;
				CLANG_WARN_DOCUMENTATION_COMMENTS = YES;
				CLANG_WARN_EMPTY_BODY = YES;
				CLANG_WARN_ENUM_CONVERSION = YES;
				CLANG_WARN_INFINITE_RECURSION = YES;
				CLANG_WARN_INT_CONVERSION = YES;
				CLANG_WARN_NON_LITERAL_NULL_CONVERSION = YES;
				CLANG_WARN_OBJC_IMPLICIT_RETAIN_SELF = YES;
				CLANG_WARN_OBJC_LITERAL_CONVERSION = YES;
				CLANG_WARN_OBJC_ROOT_CLASS = YES_ERROR;
				CLANG_WARN_RANGE_LOOP_ANALYSIS = YES;
				CLANG_WARN_STRICT_PROTOTYPES = YES;
				CLANG_WARN_SUSPICIOUS_MOVE = YES;
				CLANG_WARN_UNGUARDED_AVAILABILITY = YES_AGGRESSIVE;
				CLANG_WARN_UNREACHABLE_CODE = YES;
				CLANG_WARN__DUPLICATE_METHOD_MATCH = YES;
				CODE_SIGN_IDENTITY = "iPhone Developer";
				COPY_PHASE_STRIP = NO;
				DEBUG_INFORMATION_FORMAT = "dwarf-with-dsym";
				ENABLE_NS_ASSERTIONS = NO;
				ENABLE_STRICT_OBJC_MSGSEND = YES;
				GCC_C_LANGUAGE_STANDARD = gnu11;
				GCC_NO_COMMON_BLOCKS = YES;
				GCC_WARN_64_TO_32_BIT_CONVERSION = YES;
				GCC_WARN_ABOUT_RETURN_TYPE = YES_ERROR;
				GCC_WARN_UNDECLARED_SELECTOR = YES;
				GCC_WARN_UNINITIALIZED_AUTOS = YES_AGGRESSIVE;
				GCC_WARN_UNUSED_FUNCTION = YES;
				GCC_WARN_UNUSED_VARIABLE = YES;
				IPHONEOS_DEPLOYMENT_TARGET = 11.3;
				MTL_ENABLE_DEBUG_INFO = NO;
				SDKROOT = iphoneos;
				SWIFT_COMPILATION_MODE = wholemodule;
				SWIFT_OPTIMIZATION_LEVEL = "-O";
				VALIDATE_PRODUCT = YES;
			};
			name = Release;
		};
		9A37F94C2080E31C008BFF01 /* Debug */ = {
			isa = XCBuildConfiguration;
			buildSettings = {
				ASSETCATALOG_COMPILER_APPICON_NAME = AppIcon;
				CODE_SIGN_STYLE = Automatic;
				INFOPLIST_FILE = MapToGo/Info.plist;
				LD_RUNPATH_SEARCH_PATHS = (
					"$(inherited)",
					"@executable_path/Frameworks",
				);
				PRODUCT_BUNDLE_IDENTIFIER = com.zhukovdenys.MapToGo;
				PRODUCT_NAME = "$(TARGET_NAME)";
				SWIFT_VERSION = 4.0;
				TARGETED_DEVICE_FAMILY = "1,2";
			};
			name = Debug;
		};
		9A37F94D2080E31C008BFF01 /* Release */ = {
			isa = XCBuildConfiguration;
			buildSettings = {
				ASSETCATALOG_COMPILER_APPICON_NAME = AppIcon;
				CODE_SIGN_STYLE = Automatic;
				INFOPLIST_FILE = MapToGo/Info.plist;
				LD_RUNPATH_SEARCH_PATHS = (
					"$(inherited)",
					"@executable_path/Frameworks",
				);
				PRODUCT_BUNDLE_IDENTIFIER = com.zhukovdenys.MapToGo;
				PRODUCT_NAME = "$(TARGET_NAME)";
				SWIFT_VERSION = 4.0;
				TARGETED_DEVICE_FAMILY = "1,2";
			};
			name = Release;
		};
		9A37F94F2080E31C008BFF01 /* Debug */ = {
			isa = XCBuildConfiguration;
			buildSettings = {
				ALWAYS_EMBED_SWIFT_STANDARD_LIBRARIES = YES;
				BUNDLE_LOADER = "$(TEST_HOST)";
				CODE_SIGN_STYLE = Automatic;
				INFOPLIST_FILE = MapToGoTests/Info.plist;
				LD_RUNPATH_SEARCH_PATHS = (
					"$(inherited)",
					"@executable_path/Frameworks",
					"@loader_path/Frameworks",
				);
				PRODUCT_BUNDLE_IDENTIFIER = com.zhukovdenys.MapToGoTests;
				PRODUCT_NAME = "$(TARGET_NAME)";
				SWIFT_VERSION = 4.0;
				TARGETED_DEVICE_FAMILY = "1,2";
				TEST_HOST = "$(BUILT_PRODUCTS_DIR)/MapToGo.app/MapToGo";
			};
			name = Debug;
		};
		9A37F9502080E31C008BFF01 /* Release */ = {
			isa = XCBuildConfiguration;
			buildSettings = {
				ALWAYS_EMBED_SWIFT_STANDARD_LIBRARIES = YES;
				BUNDLE_LOADER = "$(TEST_HOST)";
				CODE_SIGN_STYLE = Automatic;
				INFOPLIST_FILE = MapToGoTests/Info.plist;
				LD_RUNPATH_SEARCH_PATHS = (
					"$(inherited)",
					"@executable_path/Frameworks",
					"@loader_path/Frameworks",
				);
				PRODUCT_BUNDLE_IDENTIFIER = com.zhukovdenys.MapToGoTests;
				PRODUCT_NAME = "$(TARGET_NAME)";
				SWIFT_VERSION = 4.0;
				TARGETED_DEVICE_FAMILY = "1,2";
				TEST_HOST = "$(BUILT_PRODUCTS_DIR)/MapToGo.app/MapToGo";
			};
			name = Release;
		};
		9A37F9522080E31C008BFF01 /* Debug */ = {
			isa = XCBuildConfiguration;
			buildSettings = {
				ALWAYS_EMBED_SWIFT_STANDARD_LIBRARIES = YES;
				CODE_SIGN_STYLE = Automatic;
				INFOPLIST_FILE = MapToGoUITests/Info.plist;
				LD_RUNPATH_SEARCH_PATHS = (
					"$(inherited)",
					"@executable_path/Frameworks",
					"@loader_path/Frameworks",
				);
				PRODUCT_BUNDLE_IDENTIFIER = com.zhukovdenys.MapToGoUITests;
				PRODUCT_NAME = "$(TARGET_NAME)";
				SWIFT_VERSION = 4.0;
				TARGETED_DEVICE_FAMILY = "1,2";
				TEST_TARGET_NAME = MapToGo;
			};
			name = Debug;
		};
		9A37F9532080E31C008BFF01 /* Release */ = {
			isa = XCBuildConfiguration;
			buildSettings = {
				ALWAYS_EMBED_SWIFT_STANDARD_LIBRARIES = YES;
				CODE_SIGN_STYLE = Automatic;
				INFOPLIST_FILE = MapToGoUITests/Info.plist;
				LD_RUNPATH_SEARCH_PATHS = (
					"$(inherited)",
					"@executable_path/Frameworks",
					"@loader_path/Frameworks",
				);
				PRODUCT_BUNDLE_IDENTIFIER = com.zhukovdenys.MapToGoUITests;
				PRODUCT_NAME = "$(TARGET_NAME)";
				SWIFT_VERSION = 4.0;
				TARGETED_DEVICE_FAMILY = "1,2";
				TEST_TARGET_NAME = MapToGo;
			};
			name = Release;
		};
/* End XCBuildConfiguration section */

/* Begin XCConfigurationList section */
		9A37F91B2080E31A008BFF01 /* Build configuration list for PBXProject "MapToGo" */ = {
			isa = XCConfigurationList;
			buildConfigurations = (
				9A37F9492080E31C008BFF01 /* Debug */,
				9A37F94A2080E31C008BFF01 /* Release */,
			);
			defaultConfigurationIsVisible = 0;
			defaultConfigurationName = Release;
		};
		9A37F94B2080E31C008BFF01 /* Build configuration list for PBXNativeTarget "MapToGo" */ = {
			isa = XCConfigurationList;
			buildConfigurations = (
				9A37F94C2080E31C008BFF01 /* Debug */,
				9A37F94D2080E31C008BFF01 /* Release */,
			);
			defaultConfigurationIsVisible = 0;
			defaultConfigurationName = Release;
		};
		9A37F94E2080E31C008BFF01 /* Build configuration list for PBXNativeTarget "MapToGoTests" */ = {
			isa = XCConfigurationList;
			buildConfigurations = (
				9A37F94F2080E31C008BFF01 /* Debug */,
				9A37F9502080E31C008BFF01 /* Release */,
			);
			defaultConfigurationIsVisible = 0;
			defaultConfigurationName = Release;
		};
		9A37F9512080E31C008BFF01 /* Build configuration list for PBXNativeTarget "MapToGoUITests" */ = {
			isa = XCConfigurationList;
			buildConfigurations = (
				9A37F9522080E31C008BFF01 /* Debug */,
				9A37F9532080E31C008BFF01 /* Release */,
			);
			defaultConfigurationIsVisible = 0;
			defaultConfigurationName = Release;
		};
/* End XCConfigurationList section */

/* Begin XCVersionGroup section */
		9A37F92A2080E31B008BFF01 /* MapToGo.xcdatamodeld */ = {
			isa = XCVersionGroup;
			children = (
				9A37F92B2080E31B008BFF01 /* MapToGo.xcdatamodel */,
			);
			currentVersion = 9A37F92B2080E31B008BFF01 /* MapToGo.xcdatamodel */;
			path = MapToGo.xcdatamodeld;
			sourceTree = "<group>";
			versionGroupType = wrapper.xcdatamodel;
		};
/* End XCVersionGroup section */
	};
	rootObject = 9A37F9182080E31A008BFF01 /* Project object */;
}
